version = 1
revision = 3
requires-python = "==3.12.*"

[[package]]
name = "deep-swe-wip"
version = "0.1.0"
source = { virtual = "." }

[package.dev-dependencies]
dev = [
    { name = "ruff" },
]

[package.metadata]

[package.metadata.requires-dev]
dev = [{ name = "ruff", specifier = "==0.4.10" }]

[[package]]
name = "ruff"
version = "0.4.10"
source = { registry = "https://pypi.org/simple" }
sdist = { url = "https://files.pythonhosted.org/packages/ea/04/b660bc832ebfa40e1788edf6934388340751cbc6f733d1f807edca9d96e6/ruff-0.4.10.tar.gz", hash = "sha256:3aa4f2bc388a30d346c56524f7cacca85945ba124945fe489952aadb6b5cd804", size = 2577674, upload-time = "2024-06-20T17:42:56.184Z" }
wheels = [
    { url = "https://files.pythonhosted.org/packages/53/0d/134fdd72f566d37b0c59b6e55f60993c705f93a0fe3c1faa6f8a269057c7/ruff-0.4.10-py3-none-macosx_10_12_x86_64.whl", hash = "sha256:5c2c4d0859305ac5a16310eec40e4e9a9dec5dcdfbe92697acd99624e8638dac", size = 8510271, upload-time = "2024-06-20T17:41:49.591Z" },
    { url = "https://files.pythonhosted.org/packages/46/5e/4ac799ffec39ef5012052c1f144a0f7a63a0322ebd328b802d64beb3d091/ruff-0.4.10-py3-none-macosx_11_0_arm64.whl", hash = "sha256:a79489607d1495685cdd911a323a35871abfb7a95d4f98fc6f85e799227ac46e", size = 8107776, upload-time = "2024-06-20T17:41:55.14Z" },
    { url = "https://files.pythonhosted.org/packages/78/6f/37af054d3ced5a6196201f6c248eeaec6b3b844136cf3da510d591dbfd89/ruff-0.4.10-py3-none-manylinux_2_17_aarch64.manylinux2014_aarch64.whl", hash = "sha256:b1dd1681dfa90a41b8376a61af05cc4dc5ff32c8f14f5fe20dba9ff5deb80cd6", size = 9868358, upload-time = "2024-06-20T17:41:58.162Z" },
    { url = "https://files.pythonhosted.org/packages/c7/38/070baf0393ba0da9d85409bdd63874776926acfc372e8e9f0ed21957aeee/ruff-0.4.10-py3-none-manylinux_2_17_armv7l.manylinux2014_armv7l.whl", hash = "sha256:c75c53bb79d71310dc79fb69eb4902fba804a81f374bc86a9b117a8d077a1784", size = 9172824, upload-time = "2024-06-20T17:42:02.386Z" },
    { url = "https://files.pythonhosted.org/packages/e7/9d/bad51d81c918e1ce1648b24480a63f5605662efe69b55fad05825b5711ff/ruff-0.4.10-py3-none-manylinux_2_17_i686.manylinux2014_i686.whl", hash = "sha256:18238c80ee3d9100d3535d8eb15a59c4a0753b45cc55f8bf38f38d6a597b9739", size = 9997887, upload-time = "2024-06-20T17:42:06.309Z" },
    { url = "https://files.pythonhosted.org/packages/ec/a4/1310b3d003cb67f3c86cb8cc5c5e475dab152b1eef88558abd11e55daaad/ruff-0.4.10-py3-none-manylinux_2_17_ppc64.manylinux2014_ppc64.whl", hash = "sha256:d8f71885bce242da344989cae08e263de29752f094233f932d4f5cfb4ef36a81", size = 10743762, upload-time = "2024-06-20T17:42:11.13Z" },
    { url = "https://files.pythonhosted.org/packages/b8/c1/5373bc5a4c3782c0a368ce5ca4ec3a689574daf71f68f55720a6a64321d4/ruff-0.4.10-py3-none-manylinux_2_17_ppc64le.manylinux2014_ppc64le.whl", hash = "sha256:330421543bd3222cdfec481e8ff3460e8702ed1e58b494cf9d9e4bf90db52b9d", size = 10329524, upload-time = "2024-06-20T17:42:15.294Z" },
    { url = "https://files.pythonhosted.org/packages/48/dc/2c057e7717a3eaaa89ea848a26ef085930a2509f9b66ceae55319668c03d/ruff-0.4.10-py3-none-manylinux_2_17_s390x.manylinux2014_s390x.whl", hash = "sha256:9e9b6fb3a37b772628415b00c4fc892f97954275394ed611056a4b8a2631365e", size = 11208593, upload-time = "2024-06-20T17:42:20.077Z" },
    { url = "https://files.pythonhosted.org/packages/11/c3/3f89b1e967a869642bd9198f27e2b89b8300862555d3e1e39b4ccaf92e8b/ruff-0.4.10-py3-none-manylinux_2_17_x86_64.manylinux2014_x86_64.whl", hash = "sha256:0f54c481b39a762d48f64d97351048e842861c6662d63ec599f67d515cb417f6", size = 10041835, upload-time = "2024-06-20T17:42:24.487Z" },
    { url = "https://files.pythonhosted.org/packages/d0/e6/734aed23112de8df5a2f3bc02e9e45cd3910fe83b0d2bb2456e200c52d98/ruff-0.4.10-py3-none-musllinux_1_2_aarch64.whl", hash = "sha256:67fe086b433b965c22de0b4259ddfe6fa541c95bf418499bedb9ad5fb8d1c631", size = 9842683, upload-time = "2024-06-20T17:42:28.324Z" },
    { url = "https://files.pythonhosted.org/packages/cf/13/bc788b2e21d3e4db74d1375da22f50f944bc1fef064c4749f307b0c8794f/ruff-0.4.10-py3-none-musllinux_1_2_armv7l.whl", hash = "sha256:acfaaab59543382085f9eb51f8e87bac26bf96b164839955f244d07125a982ef", size = 9283929, upload-time = "2024-06-20T17:42:32.221Z" },
    { url = "https://files.pythonhosted.org/packages/f0/09/f3c6560f9d81a4c5d800996090c9cc54d794ea14ab8f8af46b7483005963/ruff-0.4.10-py3-none-musllinux_1_2_i686.whl", hash = "sha256:3cea07079962b2941244191569cf3a05541477286f5cafea638cd3aa94b56815", size = 9617526, upload-time = "2024-06-20T17:42:36.588Z" },
    { url = "https://files.pythonhosted.org/packages/d3/9e/11ae4e8587efe40aa083835665d0818626f8f4a10aa4ebc097cdbfae7624/ruff-0.4.10-py3-none-musllinux_1_2_x86_64.whl", hash = "sha256:338a64ef0748f8c3a80d7f05785930f7965d71ca260904a9321d13be24b79695", size = 10114053, upload-time = "2024-06-20T17:42:41.144Z" },
    { url = "https://files.pythonhosted.org/packages/e8/94/3bb62a0086e9c61d0506e546e7cf68456fd93bf569a8adfa5e324812970d/ruff-0.4.10-py3-none-win32.whl", hash = "sha256:ffe3cd2f89cb54561c62e5fa20e8f182c0a444934bf430515a4b422f1ab7b7ca", size = 7707741, upload-time = "2024-06-20T17:42:45.061Z" },
    { url = "https://files.pythonhosted.org/packages/d8/4e/6fd32ebd0a09f25ed9911b77c5273b7a6b3b50a78d6ed0508d66a24398b8/ruff-0.4.10-py3-none-win_amd64.whl", hash = "sha256:67f67cef43c55ffc8cc59e8e0b97e9e60b4837c8f21e8ab5ffd5d66e196e25f7", size = 8519153, upload-time = "2024-06-20T17:42:48.907Z" },
    { url = "https://files.pythonhosted.org/packages/dc/78/5109b7db3b44a64157b025e45eec6591e4beb53732104637d8e0ee0c5570/ruff-0.4.10-py3-none-win_arm64.whl", hash = "sha256:dd1fcee327c20addac7916ca4e2653fbbf2e8388d8a6477ce5b4e986b68ae6c0", size = 7906942, upload-time = "2024-06-20T17:42:52.972Z" },
]
